
Microsoft Visual Studio Solution File, Format Version 12.00
# Visual Studio Version 16
VisualStudioVersion = 16.0.32901.82
MinimumVisualStudioVersion = 10.0.40219.1
Project("{FAE04EC0-301F-11D3-BF4B-00C04F79EFBC}") = "CapaVista", "CapaVista\CapaVista.csproj", "{607460E9-D0C6-424A-BB8A-AB92BDE6DF5E}"
EndProject
Project("{FAE04EC0-301F-11D3-BF4B-00C04F79EFBC}") = "CapaControlador", "CapaControlador\CapaControlador.csproj", "{B84AB733-743C-4D0F-9558-417ECD79516D}"
EndProject
Project("{FAE04EC0-301F-11D3-BF4B-00C04F79EFBC}") = "CapaModelo", "CapaModelo\CapaModelo.csproj", "{44F9E3F9-5EBC-4252-B8CD-3A5BEBB08552}"
EndProject
Global
	GlobalSection(SolutionConfigurationPlatforms) = preSolution
		Debug|Any CPU = Debug|Any CPU
		Release|Any CPU = Release|Any CPU
	EndGlobalSection
	GlobalSection(ProjectConfigurationPlatforms) = postSolution
		{607460E9-D0C6-424A-BB8A-AB92BDE6DF5E}.Debug|Any CPU.ActiveCfg = Debug|Any CPU
		{607460E9-D0C6-424A-BB8A-AB92BDE6DF5E}.Debug|Any CPU.Build.0 = Debug|Any CPU
		{607460E9-D0C6-424A-BB8A-AB92BDE6DF5E}.Release|Any CPU.ActiveCfg = Release|Any CPU
		{607460E9-D0C6-424A-BB8A-AB92BDE6DF5E}.Release|Any CPU.Build.0 = Release|Any CPU
		{B84AB733-743C-4D0F-9558-417ECD79516D}.Debug|Any CPU.ActiveCfg = Debug|Any CPU
		{B84AB733-743C-4D0F-9558-417ECD79516D}.Debug|Any CPU.Build.0 = Debug|Any CPU
		{B84AB733-743C-4D0F-9558-417ECD79516D}.Release|Any CPU.ActiveCfg = Release|Any CPU
		{B84AB733-743C-4D0F-9558-417ECD79516D}.Release|Any CPU.Build.0 = Release|Any CPU
		{44F9E3F9-5EBC-4252-B8CD-3A5BEBB08552}.Debug|Any CPU.ActiveCfg = Debug|Any CPU
		{44F9E3F9-5EBC-4252-B8CD-3A5BEBB08552}.Debug|Any CPU.Build.0 = Debug|Any CPU
		{44F9E3F9-5EBC-4252-B8CD-3A5BEBB08552}.Release|Any CPU.ActiveCfg = Release|Any CPU
		{44F9E3F9-5EBC-4252-B8CD-3A5BEBB08552}.Release|Any CPU.Build.0 = Release|Any CPU
	EndGlobalSection
	GlobalSection(SolutionProperties) = preSolution
		HideSolutionNode = FALSE
	EndGlobalSection
	GlobalSection(ExtensibilityGlobals) = postSolution
		SolutionGuid = {DE004B1A-FDBE-456F-8E9B-D1EB6B0C0F1A}
	EndGlobalSection
EndGlobal
